{
  "originHash" : "a6d7bfed684efe28f4bd9c87aa6ab983a569ac69a3900509067409ab10af3022",
  "pins" : [
    {
      "identity" : "nesteda11yids",
      "kind" : "remoteSourceControl",
      "location" : "https://github.com/SoundBlaster/NestedA11yIDs.git",
      "state" : {
        "revision" : "ad123fbc8dda58f20de1e6fbd21120bcfbaabf85",
        "version" : "1.0.0"
      }
    },
    {
      "identity" : "specificationcore",
      "kind" : "remoteSourceControl",
      "location" : "https://github.com/SoundBlaster/SpecificationCore.git",
      "state" : {
        "branch" : "perf/cross-module-policy",
        "revision" : "c3a3f5965fb949f7144a26fa15844cc2024d5fc6"
      }
    },
    {
      "identity" : "swift-syntax",
      "kind" : "remoteSourceControl",
      "location" : "https://github.com/swiftlang/swift-syntax",
      "state" : {
        "revision" : "f99ae8aa18f0cf0d53481901f88a0991dc3bd4a2",
        "version" : "601.0.1"
      }
    }
  ],
  "version" : 3
}
